
Microsoft Visual Studio Solution File, Format Version 12.00
# Visual Studio Version 16
VisualStudioVersion = 16.0.31112.23
MinimumVisualStudioVersion = 10.0.40219.1
Project("{2150E333-8FDC-42A3-9474-1A3956D46DE8}") = "Services", "Services", "{D93C7A51-8B6B-4727-B1EF-A05E06933B9A}"
EndProject
Project("{E53339B2-1760-4266-BCC7-CA923CBCF16C}") = "docker-compose", "docker-compose.dcproj", "{74146E80-1BA4-4FC2-B328-E3E6599E78B7}"
EndProject
Project("{2150E333-8FDC-42A3-9474-1A3956D46DE8}") = "Basket", "Basket", "{77778300-C5DA-4319-8122-D7A23C2D0035}"
EndProject
Project("{9A19103F-16F7-4668-BE54-9A1E7A4F7556}") = "Basket.API", "Services\Basket\Basket.API\Basket.API.csproj", "{7595307D-84BD-4754-B775-53BFE375A4F3}"
EndProject
Project("{2150E333-8FDC-42A3-9474-1A3956D46DE8}") = "Discount", "Discount", "{683F2C1E-4359-4001-8707-FA6D3FACD7E0}"
EndProject
Project("{2150E333-8FDC-42A3-9474-1A3956D46DE8}") = "Catalog", "Catalog", "{0CD08A0F-2578-44D1-81F8-10FE78822985}"
EndProject
Project("{9A19103F-16F7-4668-BE54-9A1E7A4F7556}") = "Catalog.API", "Services\Catalog\Catalog.API\Catalog.API.csproj", "{7EBB1EE7-0D4A-431E-AF6B-3145B4F632AF}"
EndProject
Project("{9A19103F-16F7-4668-BE54-9A1E7A4F7556}") = "Discount.API", "Services\Discount\Discount.API\Discount.API.csproj", "{44CAA923-6A3B-42A4-B600-2B1DF6CB10E3}"
EndProject
Project("{9A19103F-16F7-4668-BE54-9A1E7A4F7556}") = "Discount.Grpc", "Services\Discount\Discount.Grpc\Discount.Grpc.csproj", "{5C0D7909-9C8F-4A3A-A6BF-C2609795D849}"
EndProject
Project("{2150E333-8FDC-42A3-9474-1A3956D46DE8}") = "Ordering", "Ordering", "{ADDFA0F6-9CF2-49E5-966E-55036E8E7EDC}"
EndProject
Project("{FAE04EC0-301F-11D3-BF4B-00C04F79EFBC}") = "Ordering.API", "Services\Ordering\Ordering.API\Ordering.API.csproj", "{A1EF2DF4-56E0-49D8-A19F-74CADE0AD5DA}"
EndProject
Project("{FAE04EC0-301F-11D3-BF4B-00C04F79EFBC}") = "Ordering.Domain", "Services\Ordering\Ordering.Domain\Ordering.Domain.csproj", "{6F14A3AB-A27A-4E13-8B1D-87EE8E222609}"
EndProject
Project("{FAE04EC0-301F-11D3-BF4B-00C04F79EFBC}") = "Ordering.Application", "Services\Ordering\Ordering.Application\Ordering.Application.csproj", "{03BBAE1B-4666-4E4C-B7B7-480B87CA3D21}"
EndProject
Project("{FAE04EC0-301F-11D3-BF4B-00C04F79EFBC}") = "Ordering.Infrastructure", "Services\Ordering\Ordering.Infrastructure\Ordering.Infrastructure.csproj", "{AB05EA85-FFF9-44A8-B0FD-4A02B4116D2F}"
EndProject
Global
	GlobalSection(SolutionConfigurationPlatforms) = preSolution
		Debug|Any CPU = Debug|Any CPU
		Release|Any CPU = Release|Any CPU
	EndGlobalSection
	GlobalSection(ProjectConfigurationPlatforms) = postSolution
		{74146E80-1BA4-4FC2-B328-E3E6599E78B7}.Debug|Any CPU.ActiveCfg = Debug|Any CPU
		{74146E80-1BA4-4FC2-B328-E3E6599E78B7}.Debug|Any CPU.Build.0 = Debug|Any CPU
		{74146E80-1BA4-4FC2-B328-E3E6599E78B7}.Release|Any CPU.ActiveCfg = Release|Any CPU
		{74146E80-1BA4-4FC2-B328-E3E6599E78B7}.Release|Any CPU.Build.0 = Release|Any CPU
		{7595307D-84BD-4754-B775-53BFE375A4F3}.Debug|Any CPU.ActiveCfg = Debug|Any CPU
		{7595307D-84BD-4754-B775-53BFE375A4F3}.Debug|Any CPU.Build.0 = Debug|Any CPU
		{7595307D-84BD-4754-B775-53BFE375A4F3}.Release|Any CPU.ActiveCfg = Release|Any CPU
		{7595307D-84BD-4754-B775-53BFE375A4F3}.Release|Any CPU.Build.0 = Release|Any CPU
		{7EBB1EE7-0D4A-431E-AF6B-3145B4F632AF}.Debug|Any CPU.ActiveCfg = Debug|Any CPU
		{7EBB1EE7-0D4A-431E-AF6B-3145B4F632AF}.Debug|Any CPU.Build.0 = Debug|Any CPU
		{7EBB1EE7-0D4A-431E-AF6B-3145B4F632AF}.Release|Any CPU.ActiveCfg = Release|Any CPU
		{7EBB1EE7-0D4A-431E-AF6B-3145B4F632AF}.Release|Any CPU.Build.0 = Release|Any CPU
		{44CAA923-6A3B-42A4-B600-2B1DF6CB10E3}.Debug|Any CPU.ActiveCfg = Debug|Any CPU
		{44CAA923-6A3B-42A4-B600-2B1DF6CB10E3}.Debug|Any CPU.Build.0 = Debug|Any CPU
		{44CAA923-6A3B-42A4-B600-2B1DF6CB10E3}.Release|Any CPU.ActiveCfg = Release|Any CPU
		{44CAA923-6A3B-42A4-B600-2B1DF6CB10E3}.Release|Any CPU.Build.0 = Release|Any CPU
		{5C0D7909-9C8F-4A3A-A6BF-C2609795D849}.Debug|Any CPU.ActiveCfg = Debug|Any CPU
		{5C0D7909-9C8F-4A3A-A6BF-C2609795D849}.Debug|Any CPU.Build.0 = Debug|Any CPU
		{5C0D7909-9C8F-4A3A-A6BF-C2609795D849}.Release|Any CPU.ActiveCfg = Release|Any CPU
		{5C0D7909-9C8F-4A3A-A6BF-C2609795D849}.Release|Any CPU.Build.0 = Release|Any CPU
		{A1EF2DF4-56E0-49D8-A19F-74CADE0AD5DA}.Debug|Any CPU.ActiveCfg = Debug|Any CPU
		{A1EF2DF4-56E0-49D8-A19F-74CADE0AD5DA}.Debug|Any CPU.Build.0 = Debug|Any CPU
		{A1EF2DF4-56E0-49D8-A19F-74CADE0AD5DA}.Release|Any CPU.ActiveCfg = Release|Any CPU
		{A1EF2DF4-56E0-49D8-A19F-74CADE0AD5DA}.Release|Any CPU.Build.0 = Release|Any CPU
		{6F14A3AB-A27A-4E13-8B1D-87EE8E222609}.Debug|Any CPU.ActiveCfg = Debug|Any CPU
		{6F14A3AB-A27A-4E13-8B1D-87EE8E222609}.Debug|Any CPU.Build.0 = Debug|Any CPU
		{6F14A3AB-A27A-4E13-8B1D-87EE8E222609}.Release|Any CPU.ActiveCfg = Release|Any CPU
		{6F14A3AB-A27A-4E13-8B1D-87EE8E222609}.Release|Any CPU.Build.0 = Release|Any CPU
		{03BBAE1B-4666-4E4C-B7B7-480B87CA3D21}.Debug|Any CPU.ActiveCfg = Debug|Any CPU
		{03BBAE1B-4666-4E4C-B7B7-480B87CA3D21}.Debug|Any CPU.Build.0 = Debug|Any CPU
		{03BBAE1B-4666-4E4C-B7B7-480B87CA3D21}.Release|Any CPU.ActiveCfg = Release|Any CPU
		{03BBAE1B-4666-4E4C-B7B7-480B87CA3D21}.Release|Any CPU.Build.0 = Release|Any CPU
		{AB05EA85-FFF9-44A8-B0FD-4A02B4116D2F}.Debug|Any CPU.ActiveCfg = Debug|Any CPU
		{AB05EA85-FFF9-44A8-B0FD-4A02B4116D2F}.Debug|Any CPU.Build.0 = Debug|Any CPU
		{AB05EA85-FFF9-44A8-B0FD-4A02B4116D2F}.Release|Any CPU.ActiveCfg = Release|Any CPU
		{AB05EA85-FFF9-44A8-B0FD-4A02B4116D2F}.Release|Any CPU.Build.0 = Release|Any CPU
	EndGlobalSection
	GlobalSection(SolutionProperties) = preSolution
		HideSolutionNode = FALSE
	EndGlobalSection
	GlobalSection(NestedProjects) = preSolution
		{77778300-C5DA-4319-8122-D7A23C2D0035} = {D93C7A51-8B6B-4727-B1EF-A05E06933B9A}
		{7595307D-84BD-4754-B775-53BFE375A4F3} = {77778300-C5DA-4319-8122-D7A23C2D0035}
		{683F2C1E-4359-4001-8707-FA6D3FACD7E0} = {D93C7A51-8B6B-4727-B1EF-A05E06933B9A}
		{0CD08A0F-2578-44D1-81F8-10FE78822985} = {D93C7A51-8B6B-4727-B1EF-A05E06933B9A}
		{7EBB1EE7-0D4A-431E-AF6B-3145B4F632AF} = {0CD08A0F-2578-44D1-81F8-10FE78822985}
		{44CAA923-6A3B-42A4-B600-2B1DF6CB10E3} = {683F2C1E-4359-4001-8707-FA6D3FACD7E0}
		{5C0D7909-9C8F-4A3A-A6BF-C2609795D849} = {683F2C1E-4359-4001-8707-FA6D3FACD7E0}
		{ADDFA0F6-9CF2-49E5-966E-55036E8E7EDC} = {D93C7A51-8B6B-4727-B1EF-A05E06933B9A}
		{A1EF2DF4-56E0-49D8-A19F-74CADE0AD5DA} = {ADDFA0F6-9CF2-49E5-966E-55036E8E7EDC}
		{6F14A3AB-A27A-4E13-8B1D-87EE8E222609} = {ADDFA0F6-9CF2-49E5-966E-55036E8E7EDC}
		{03BBAE1B-4666-4E4C-B7B7-480B87CA3D21} = {ADDFA0F6-9CF2-49E5-966E-55036E8E7EDC}
		{AB05EA85-FFF9-44A8-B0FD-4A02B4116D2F} = {ADDFA0F6-9CF2-49E5-966E-55036E8E7EDC}
	EndGlobalSection
	GlobalSection(ExtensibilityGlobals) = postSolution
		SolutionGuid = {C082E23F-8C4F-4919-93A4-E92AB5662A3E}
	EndGlobalSection
EndGlobal
